{
    "_meta": {
        "hash": {
            "sha256": "b9c0deedf8fb7d8bb63887a323a9f40834d47c46a59dadb3bea5455ea77d7bcd"
        },
        "pipfile-spec": 6,
        "requires": {
            "python_version": "3.9"
        },
        "sources": [
            {
                "name": "pypi",
                "url": "https://pypi.org/simple",
                "verify_ssl": true
            }
        ]
    },
    "default": {
        "nodeenv": {
            "hashes": [
                "sha256:3ef13ff90291ba2a4a7a4ff9a979b63ffdd00a464dbe04acf0ea6471517a4c2b",
                "sha256:621e6b7076565ddcacd2db0294c0381e01fd28945ab36bcf00f41c5daf63bef7"
            ],
            "version": "==1.6.0"
        },
        "pyright": {
            "hashes": [
                "sha256:363e4989c47db48a937035c0915efa37180d7cae1202258b98d485bf55a08cee",
                "sha256:3fd9f78165c25e2fa2c2b392971b88ff9920fa300e89d07a7b041d8f9635d397"
            ],
            "index": "pypi",
            "version": "==1.1.247"
        }
    },
    "develop": {}
}
